
Microsoft Visual Studio Solution File, Format Version 12.00
# Visual Studio Version 17
VisualStudioVersion = 17.4.33110.190
MinimumVisualStudioVersion = 10.0.40219.1
Project("{FAE04EC0-301F-11D3-BF4B-00C04F79EFBC}") = "AOC01", "AOC01\AOC01.csproj", "{3749E6A4-602A-488F-8714-11DECB433749}"
EndProject
Global
	GlobalSection(SolutionConfigurationPlatforms) = preSolution
		Debug|Any CPU = Debug|Any CPU
		Release|Any CPU = Release|Any CPU
	EndGlobalSection
	GlobalSection(ProjectConfigurationPlatforms) = postSolution
		{3749E6A4-602A-488F-8714-11DECB433749}.Debug|Any CPU.ActiveCfg = Debug|Any CPU
		{3749E6A4-602A-488F-8714-11DECB433749}.Debug|Any CPU.Build.0 = Debug|Any CPU
		{3749E6A4-602A-488F-8714-11DECB433749}.Release|Any CPU.ActiveCfg = Release|Any CPU
		{3749E6A4-602A-488F-8714-11DECB433749}.Release|Any CPU.Build.0 = Release|Any CPU
	EndGlobalSection
	GlobalSection(SolutionProperties) = preSolution
		HideSolutionNode = FALSE
	EndGlobalSection
	GlobalSection(ExtensibilityGlobals) = postSolution
		SolutionGuid = {7EEAAFA7-8642-40DB-8F56-A6118774C24E}
	EndGlobalSection
EndGlobal
